
Microsoft Visual Studio Solution File, Format Version 12.00
# Visual Studio 15
VisualStudioVersion = 15.0.26228.28
MinimumVisualStudioVersion = 10.0.40219.1
Project("{FAE04EC0-301F-11D3-BF4B-00C04F79EFBC}") = "WindowsFormsphonepad2", "WindowsFormsphonepad2\WindowsFormsphonepad2.csproj", "{DFA6B47F-7C02-4AAA-8F31-277A641F9DA3}"
EndProject
Project("{FAE04EC0-301F-11D3-BF4B-00C04F79EFBC}") = "telephonepad4", "telephonepad4\telephonepad4.csproj", "{5776BB69-1312-4999-A298-0D93C8DACD2F}"
EndProject
Global
	GlobalSection(SolutionConfigurationPlatforms) = preSolution
		Debug|Any CPU = Debug|Any CPU
		Release|Any CPU = Release|Any CPU
	EndGlobalSection
	GlobalSection(ProjectConfigurationPlatforms) = postSolution
		{DFA6B47F-7C02-4AAA-8F31-277A641F9DA3}.Debug|Any CPU.ActiveCfg = Debug|Any CPU
		{DFA6B47F-7C02-4AAA-8F31-277A641F9DA3}.Debug|Any CPU.Build.0 = Debug|Any CPU
		{DFA6B47F-7C02-4AAA-8F31-277A641F9DA3}.Release|Any CPU.ActiveCfg = Release|Any CPU
		{DFA6B47F-7C02-4AAA-8F31-277A641F9DA3}.Release|Any CPU.Build.0 = Release|Any CPU
		{5776BB69-1312-4999-A298-0D93C8DACD2F}.Debug|Any CPU.ActiveCfg = Debug|Any CPU
		{5776BB69-1312-4999-A298-0D93C8DACD2F}.Debug|Any CPU.Build.0 = Debug|Any CPU
		{5776BB69-1312-4999-A298-0D93C8DACD2F}.Release|Any CPU.ActiveCfg = Release|Any CPU
		{5776BB69-1312-4999-A298-0D93C8DACD2F}.Release|Any CPU.Build.0 = Release|Any CPU
	EndGlobalSection
	GlobalSection(SolutionProperties) = preSolution
		HideSolutionNode = FALSE
	EndGlobalSection
EndGlobal
